// !$*UTF8*$!
{
	archiveVersion = 1;
	classes = {
	};
	objectVersion = 46;
	objects = {

/* Begin PBXBuildFile section */
		C64AA98D1DEA066500CB2325 /* AppDelegate.swift in Sources */ = {isa = PBXBuildFile; fileRef = C64AA98C1DEA066500CB2325 /* AppDelegate.swift */; };
		C64AA98F1DEA066500CB2325 /* LoanCalcViewController.swift in Sources */ = {isa = PBXBuildFile; fileRef = C64AA98E1DEA066500CB2325 /* LoanCalcViewController.swift */; };
		C64AA9921DEA066500CB2325 /* Main.storyboard in Resources */ = {isa = PBXBuildFile; fileRef = C64AA9901DEA066500CB2325 /* Main.storyboard */; };
		C64AA9941DEA066500CB2325 /* Assets.xcassets in Resources */ = {isa = PBXBuildFile; fileRef = C64AA9931DEA066500CB2325 /* Assets.xcassets */; };
		C64AA9971DEA066500CB2325 /* LaunchScreen.storyboard in Resources */ = {isa = PBXBuildFile; fileRef = C64AA9951DEA066500CB2325 /* LaunchScreen.storyboard */; };
		C64AA9BD1DEC9B2400CB2325 /* LoanDetailViewController.swift in Sources */ = {isa = PBXBuildFile; fileRef = C64AA9BC1DEC9B2400CB2325 /* LoanDetailViewController.swift */; };
/* End PBXBuildFile section */

/* Begin PBXFileReference section */
		C64AA9891DEA066500CB2325 /* LoanCalculator.app */ = {isa = PBXFileReference; explicitFileType = wrapper.application; includeInIndex = 0; path = LoanCalculator.app; sourceTree = BUILT_PRODUCTS_DIR; };
		C64AA98C1DEA066500CB2325 /* AppDelegate.swift */ = {isa = PBXFileReference; lastKnownFileType = sourcecode.swift; path = AppDelegate.swift; sourceTree = "<group>"; };
		C64AA98E1DEA066500CB2325 /* LoanCalcViewController.swift */ = {isa = PBXFileReference; lastKnownFileType = sourcecode.swift; path = LoanCalcViewController.swift; sourceTree = "<group>"; };
		C64AA9911DEA066500CB2325 /* Base */ = {isa = PBXFileReference; lastKnownFileType = file.storyboard; name = Base; path = Base.lproj/Main.storyboard; sourceTree = "<group>"; };
		C64AA9931DEA066500CB2325 /* Assets.xcassets */ = {isa = PBXFileReference; lastKnownFileType = folder.assetcatalog; path = Assets.xcassets; sourceTree = "<group>"; };
		C64AA9961DEA066500CB2325 /* Base */ = {isa = PBXFileReference; lastKnownFileType = file.storyboard; name = Base; path = Base.lproj/LaunchScreen.storyboard; sourceTree = "<group>"; };
		C64AA9981DEA066500CB2325 /* Info.plist */ = {isa = PBXFileReference; lastKnownFileType = text.plist.xml; path = Info.plist; sourceTree = "<group>"; };
		C64AA9BC1DEC9B2400CB2325 /* LoanDetailViewController.swift */ = {isa = PBXFileReference; fileEncoding = 4; lastKnownFileType = sourcecode.swift; path = LoanDetailViewController.swift; sourceTree = "<group>"; };
/* End PBXFileReference section */

/* Begin PBXFrameworksBuildPhase section */
		C64AA9861DEA066500CB2325 /* Frameworks */ = {
			isa = PBXFrameworksBuildPhase;
			buildActionMask = 2147483647;
			files = (
			);
			runOnlyForDeploymentPostprocessing = 0;
		};
/* End PBXFrameworksBuildPhase section */

/* Begin PBXGroup section */
		C64AA9801DEA066500CB2325 = {
			isa = PBXGroup;
			children = (
				C64AA98B1DEA066500CB2325 /* LoanCalculator */,
				C64AA98A1DEA066500CB2325 /* Products */,
			);
			sourceTree = "<group>";
		};
		C64AA98A1DEA066500CB2325 /* Products */ = {
			isa = PBXGroup;
			children = (
				C64AA9891DEA066500CB2325 /* LoanCalculator.app */,
			);
			name = Products;
			sourceTree = "<group>";
		};
		C64AA98B1DEA066500CB2325 /* LoanCalculator */ = {
			isa = PBXGroup;
			children = (
				C64AA9BE1DEC9B2C00CB2325 /* Views */,
				C64AA98C1DEA066500CB2325 /* AppDelegate.swift */,
				C64AA9901DEA066500CB2325 /* Main.storyboard */,
				C64AA9931DEA066500CB2325 /* Assets.xcassets */,
				C64AA9951DEA066500CB2325 /* LaunchScreen.storyboard */,
				C64AA9981DEA066500CB2325 /* Info.plist */,
			);
			path = LoanCalculator;
			sourceTree = "<group>";
		};
		C64AA9BE1DEC9B2C00CB2325 /* Views */ = {
			isa = PBXGroup;
			children = (
				C64AA98E1DEA066500CB2325 /* LoanCalcViewController.swift */,
				C64AA9BC1DEC9B2400CB2325 /* LoanDetailViewController.swift */,
			);
			name = Views;
			sourceTree = "<group>";
		};
/* End PBXGroup section */

/* Begin PBXNativeTarget section */
		C64AA9881DEA066500CB2325 /* LoanCalculator */ = {
			isa = PBXNativeTarget;
			buildConfigurationList = C64AA99B1DEA066500CB2325 /* Build configuration list for PBXNativeTarget "LoanCalculator" */;
			buildPhases = (
				C64AA9851DEA066500CB2325 /* Sources */,
				C64AA9861DEA066500CB2325 /* Frameworks */,
				C64AA9871DEA066500CB2325 /* Resources */,
			);
			buildRules = (
			);
			dependencies = (
			);
			name = LoanCalculator;
			productName = LoanCalculator;
			productReference = C64AA9891DEA066500CB2325 /* LoanCalculator.app */;
			productType = "com.apple.product-type.application";
		};
/* End PBXNativeTarget section */

/* Begin PBXProject section */
		C64AA9811DEA066500CB2325 /* Project object */ = {
			isa = PBXProject;
			attributes = {
				LastSwiftUpdateCheck = 0720;
				LastUpgradeCheck = 0720;
				ORGANIZATIONNAME = "Sean Fulcher";
				TargetAttributes = {
					C64AA9881DEA066500CB2325 = {
						CreatedOnToolsVersion = 7.2;
					};
				};
			};
			buildConfigurationList = C64AA9841DEA066500CB2325 /* Build configuration list for PBXProject "LoanCalculator" */;
			compatibilityVersion = "Xcode 3.2";
			developmentRegion = English;
			hasScannedForEncodings = 0;
			knownRegions = (
				en,
				Base,
			);
			mainGroup = C64AA9801DEA066500CB2325;
			productRefGroup = C64AA98A1DEA066500CB2325 /* Products */;
			projectDirPath = "";
			projectRoot = "";
			targets = (
				C64AA9881DEA066500CB2325 /* LoanCalculator */,
			);
		};
/* End PBXProject section */

/* Begin PBXResourcesBuildPhase section */
		C64AA9871DEA066500CB2325 /* Resources */ = {
			isa = PBXResourcesBuildPhase;
			buildActionMask = 2147483647;
			files = (
				C64AA9971DEA066500CB2325 /* LaunchScreen.storyboard in Resources */,
				C64AA9941DEA066500CB2325 /* Assets.xcassets in Resources */,
				C64AA9921DEA066500CB2325 /* Main.storyboard in Resources */,
			);
			runOnlyForDeploymentPostprocessing = 0;
		};
/* End PBXResourcesBuildPhase section */

/* Begin PBXSourcesBuildPhase section */
		C64AA9851DEA066500CB2325 /* Sources */ = {
			isa = PBXSourcesBuildPhase;
			buildActionMask = 2147483647;
			files = (
				C64AA98F1DEA066500CB2325 /* LoanCalcViewController.swift in Sources */,
				C64AA98D1DEA066500CB2325 /* AppDelegate.swift in Sources */,
				C64AA9BD1DEC9B2400CB2325 /* LoanDetailViewController.swift in Sources */,
			);
			runOnlyForDeploymentPostprocessing = 0;
		};
/* End PBXSourcesBuildPhase section */

/* Begin PBXVariantGroup section */
		C64AA9901DEA066500CB2325 /* Main.storyboard */ = {
			isa = PBXVariantGroup;
			children = (
				C64AA9911DEA066500CB2325 /* Base */,
			);
			name = Main.storyboard;
			sourceTree = "<group>";
		};
		C64AA9951DEA066500CB2325 /* LaunchScreen.storyboard */ = {
			isa = PBXVariantGroup;
			children = (
				C64AA9961DEA066500CB2325 /* Base */,
			);
			name = LaunchScreen.storyboard;
			sourceTree = "<group>";
		};
/* End PBXVariantGroup section */

/* Begin XCBuildConfiguration section */
		C64AA9991DEA066500CB2325 /* Debug */ = {
			isa = XCBuildConfiguration;
			buildSettings = {
				ALWAYS_SEARCH_USER_PATHS = NO;
				CLANG_CXX_LANGUAGE_STANDARD = "gnu++0x";
				CLANG_CXX_LIBRARY = "libc++";
				CLANG_ENABLE_MODULES = YES;
				CLANG_ENABLE_OBJC_ARC = YES;
				CLANG_WARN_BOOL_CONVERSION = YES;
				CLANG_WARN_CONSTANT_CONVERSION = YES;
				CLANG_WARN_DIRECT_OBJC_ISA_USAGE = YES_ERROR;
				CLANG_WARN_EMPTY_BODY = YES;
				CLANG_WARN_ENUM_CONVERSION = YES;
				CLANG_WARN_INT_CONVERSION = YES;
				CLANG_WARN_OBJC_ROOT_CLASS = YES_ERROR;
				CLANG_WARN_UNREACHABLE_CODE = YES;
				CLANG_WARN__DUPLICATE_METHOD_MATCH = YES;
				"CODE_SIGN_IDENTITY[sdk=iphoneos*]" = "iPhone Developer";
				COPY_PHASE_STRIP = NO;
				DEBUG_INFORMATION_FORMAT = dwarf;
				ENABLE_STRICT_OBJC_MSGSEND = YES;
				ENABLE_TESTABILITY = YES;
				GCC_C_LANGUAGE_STANDARD = gnu99;
				GCC_DYNAMIC_NO_PIC = NO;
				GCC_NO_COMMON_BLOCKS = YES;
				GCC_OPTIMIZATION_LEVEL = 0;
				GCC_PREPROCESSOR_DEFINITIONS = (
					"DEBUG=1",
					"$(inherited)",
				);
				GCC_WARN_64_TO_32_BIT_CONVERSION = YES;
				GCC_WARN_ABOUT_RETURN_TYPE = YES_ERROR;
				GCC_WARN_UNDECLARED_SELECTOR = YES;
				GCC_WARN_UNINITIALIZED_AUTOS = YES_AGGRESSIVE;
				GCC_WARN_UNUSED_FUNCTION = YES;
				GCC_WARN_UNUSED_VARIABLE = YES;
				IPHONEOS_DEPLOYMENT_TARGET = 9.2;
				MTL_ENABLE_DEBUG_INFO = YES;
				ONLY_ACTIVE_ARCH = YES;
				SDKROOT = iphoneos;
				SWIFT_OPTIMIZATION_LEVEL = "-Onone";
				TARGETED_DEVICE_FAMILY = 2;
			};
			name = Debug;
		};
		C64AA99A1DEA066500CB2325 /* Release */ = {
			isa = XCBuildConfiguration;
			buildSettings = {
				ALWAYS_SEARCH_USER_PATHS = NO;
				CLANG_CXX_LANGUAGE_STANDARD = "gnu++0x";
				CLANG_CXX_LIBRARY = "libc++";
				CLANG_ENABLE_MODULES = YES;
				CLANG_ENABLE_OBJC_ARC = YES;
				CLANG_WARN_BOOL_CONVERSION = YES;
				CLANG_WARN_CONSTANT_CONVERSION = YES;
				CLANG_WARN_DIRECT_OBJC_ISA_USAGE = YES_ERROR;
				CLANG_WARN_EMPTY_BODY = YES;
				CLANG_WARN_ENUM_CONVERSION = YES;
				CLANG_WARN_INT_CONVERSION = YES;
				CLANG_WARN_OBJC_ROOT_CLASS = YES_ERROR;
				CLANG_WARN_UNREACHABLE_CODE = YES;
				CLANG_WARN__DUPLICATE_METHOD_MATCH = YES;
				"CODE_SIGN_IDENTITY[sdk=iphoneos*]" = "iPhone Developer";
				COPY_PHASE_STRIP = NO;
				DEBUG_INFORMATION_FORMAT = "dwarf-with-dsym";
				ENABLE_NS_ASSERTIONS = NO;
				ENABLE_STRICT_OBJC_MSGSEND = YES;
				GCC_C_LANGUAGE_STANDARD = gnu99;
				GCC_NO_COMMON_BLOCKS = YES;
				GCC_WARN_64_TO_32_BIT_CONVERSION = YES;
				GCC_WARN_ABOUT_RETURN_TYPE = YES_ERROR;
				GCC_WARN_UNDECLARED_SELECTOR = YES;
				GCC_WARN_UNINITIALIZED_AUTOS = YES_AGGRESSIVE;
				GCC_WARN_UNUSED_FUNCTION = YES;
				GCC_WARN_UNUSED_VARIABLE = YES;
				IPHONEOS_DEPLOYMENT_TARGET = 9.2;
				MTL_ENABLE_DEBUG_INFO = NO;
				SDKROOT = iphoneos;
				TARGETED_DEVICE_FAMILY = 2;
				VALIDATE_PRODUCT = YES;
			};
			name = Release;
		};
		C64AA99C1DEA066500CB2325 /* Debug */ = {
			isa = XCBuildConfiguration;
			buildSettings = {
				ASSETCATALOG_COMPILER_APPICON_NAME = AppIcon;
				INFOPLIST_FILE = LoanCalculator/Info.plist;
				LD_RUNPATH_SEARCH_PATHS = "$(inherited) @executable_path/Frameworks";
				PRODUCT_BUNDLE_IDENTIFIER = com.seanfulcher.LoanCalculator;
				PRODUCT_NAME = "$(TARGET_NAME)";
				TARGETED_DEVICE_FAMILY = 1;
			};
			name = Debug;
		};
		C64AA99D1DEA066500CB2325 /* Release */ = {
			isa = XCBuildConfiguration;
			buildSettings = {
				ASSETCATALOG_COMPILER_APPICON_NAME = AppIcon;
				INFOPLIST_FILE = LoanCalculator/Info.plist;
				LD_RUNPATH_SEARCH_PATHS = "$(inherited) @executable_path/Frameworks";
				PRODUCT_BUNDLE_IDENTIFIER = com.seanfulcher.LoanCalculator;
				PRODUCT_NAME = "$(TARGET_NAME)";
				TARGETED_DEVICE_FAMILY = 1;
			};
			name = Release;
		};
/* End XCBuildConfiguration section */

/* Begin XCConfigurationList section */
		C64AA9841DEA066500CB2325 /* Build configuration list for PBXProject "LoanCalculator" */ = {
			isa = XCConfigurationList;
			buildConfigurations = (
				C64AA9991DEA066500CB2325 /* Debug */,
				C64AA99A1DEA066500CB2325 /* Release */,
			);
			defaultConfigurationIsVisible = 0;
			defaultConfigurationName = Release;
		};
		C64AA99B1DEA066500CB2325 /* Build configuration list for PBXNativeTarget "LoanCalculator" */ = {
			isa = XCConfigurationList;
			buildConfigurations = (
				C64AA99C1DEA066500CB2325 /* Debug */,
				C64AA99D1DEA066500CB2325 /* Release */,
			);
			defaultConfigurationIsVisible = 0;
			defaultConfigurationName = Release;
		};
/* End XCConfigurationList section */
	};
	rootObject = C64AA9811DEA066500CB2325 /* Project object */;
}
